{
  "requires": true,
  "lockfileVersion": 1,
  "dependencies": {
    "flow-bin": {
      "version": "0.132.0",
      "resolved": "https://registry.npmjs.org/flow-bin/-/flow-bin-0.132.0.tgz",
      "integrity": "sha512-S1g/vnAyNaLUdajmuUHCMl30qqye12gS6mr4LVyswf1k+JDF4efs6SfKmptuvnpitF3LGCVf0TIffChP8ljwnw==",
      "dev": true
    }
  }
}
